// !$*UTF8*$!
{
	archiveVersion = 1;
	classes = {
	};
	objectVersion = 56;
	objects = {

/* Begin PBXBuildFile section */
		84C11B542A907D4F00EAF519 /* MiTu.h in Headers */ = {isa = PBXBuildFile; fileRef = 84C11B532A907D4F00EAF519 /* MiTu.h */; settings = {ATTRIBUTES = (Public, ); }; };
		84C11BDB2A907E2300EAF519 /* MTImage.swift in Sources */ = {isa = PBXBuildFile; fileRef = 84C11B5C2A907E2200EAF519 /* MTImage.swift */; };
		84C11BDC2A907E2300EAF519 /* ClosureSleeve.swift in Sources */ = {isa = PBXBuildFile; fileRef = 84C11B5E2A907E2200EAF519 /* ClosureSleeve.swift */; };
		84C11BDD2A907E2300EAF519 /* MTTableView.swift in Sources */ = {isa = PBXBuildFile; fileRef = 84C11B602A907E2200EAF519 /* MTTableView.swift */; };
		84C11BDE2A907E2300EAF519 /* ATPageControl.swift in Sources */ = {isa = PBXBuildFile; fileRef = 84C11B622A907E2200EAF519 /* ATPageControl.swift */; };
		84C11BDF2A907E2300EAF519 /* PHImage.swift in Sources */ = {isa = PBXBuildFile; fileRef = 84C11B642A907E2200EAF519 /* PHImage.swift */; };
		84C11BE02A907E2300EAF519 /* PHAssetConfig.swift in Sources */ = {isa = PBXBuildFile; fileRef = 84C11B652A907E2200EAF519 /* PHAssetConfig.swift */; };
		84C11BE12A907E2300EAF519 /* PHAssetManager.swift in Sources */ = {isa = PBXBuildFile; fileRef = 84C11B662A907E2200EAF519 /* PHAssetManager.swift */; };
		84C11BE22A907E2300EAF519 /* MTGradientView.swift in Sources */ = {isa = PBXBuildFile; fileRef = 84C11B682A907E2200EAF519 /* MTGradientView.swift */; };
		84C11BE32A907E2300EAF519 /* MTGradientLabel.swift in Sources */ = {isa = PBXBuildFile; fileRef = 84C11B692A907E2200EAF519 /* MTGradientLabel.swift */; };
		84C11BE42A907E2300EAF519 /* MTGradientButton.swift in Sources */ = {isa = PBXBuildFile; fileRef = 84C11B6A2A907E2200EAF519 /* MTGradientButton.swift */; };
		84C11BE52A907E2300EAF519 /* MTGradient.swift in Sources */ = {isa = PBXBuildFile; fileRef = 84C11B6B2A907E2200EAF519 /* MTGradient.swift */; };
		84C11BE62A907E2300EAF519 /* MTTextView.swift in Sources */ = {isa = PBXBuildFile; fileRef = 84C11B6D2A907E2200EAF519 /* MTTextView.swift */; };
		84C11BE72A907E2300EAF519 /* MTApplication.swift in Sources */ = {isa = PBXBuildFile; fileRef = 84C11B6F2A907E2200EAF519 /* MTApplication.swift */; };
		84C11BE82A907E2300EAF519 /* MTColor.swift in Sources */ = {isa = PBXBuildFile; fileRef = 84C11B712A907E2200EAF519 /* MTColor.swift */; };
		84C11BE92A907E2300EAF519 /* MTCollectionView.swift in Sources */ = {isa = PBXBuildFile; fileRef = 84C11B732A907E2200EAF519 /* MTCollectionView.swift */; };
		84C11BEA2A907E2300EAF519 /* MTRoute.swift in Sources */ = {isa = PBXBuildFile; fileRef = 84C11B752A907E2200EAF519 /* MTRoute.swift */; };
		84C11BEB2A907E2300EAF519 /* Publishers.swift in Sources */ = {isa = PBXBuildFile; fileRef = 84C11B772A907E2200EAF519 /* Publishers.swift */; };
		84C11BEC2A907E2300EAF519 /* MTTextLink.swift in Sources */ = {isa = PBXBuildFile; fileRef = 84C11B792A907E2200EAF519 /* MTTextLink.swift */; };
		84C11BED2A907E2300EAF519 /* MTOperators.swift in Sources */ = {isa = PBXBuildFile; fileRef = 84C11B7B2A907E2200EAF519 /* MTOperators.swift */; };
		84C11BEE2A907E2300EAF519 /* ImagePicker.swift in Sources */ = {isa = PBXBuildFile; fileRef = 84C11B7D2A907E2200EAF519 /* ImagePicker.swift */; };
		84C11BEF2A907E2300EAF519 /* MTView.swift in Sources */ = {isa = PBXBuildFile; fileRef = 84C11B7F2A907E2200EAF519 /* MTView.swift */; };
		84C11BF02A907E2300EAF519 /* MTArray.swift in Sources */ = {isa = PBXBuildFile; fileRef = 84C11B812A907E2200EAF519 /* MTArray.swift */; };
		84C11BF12A907E2300EAF519 /* MTDate.swift in Sources */ = {isa = PBXBuildFile; fileRef = 84C11B832A907E2200EAF519 /* MTDate.swift */; };
		84C11BF22A907E2300EAF519 /* UILabel.swift in Sources */ = {isa = PBXBuildFile; fileRef = 84C11B852A907E2200EAF519 /* UILabel.swift */; };
		84C11BF32A907E2300EAF519 /* CryptoSwiftExt.swift in Sources */ = {isa = PBXBuildFile; fileRef = 84C11B872A907E2200EAF519 /* CryptoSwiftExt.swift */; };
		84C11BF42A907E2300EAF519 /* TTextField.swift in Sources */ = {isa = PBXBuildFile; fileRef = 84C11B892A907E2200EAF519 /* TTextField.swift */; };
		84C11BF52A907E2300EAF519 /* MTTextField.swift in Sources */ = {isa = PBXBuildFile; fileRef = 84C11B8A2A907E2200EAF519 /* MTTextField.swift */; };
		84C11BF62A907E2300EAF519 /* Bundle.swift in Sources */ = {isa = PBXBuildFile; fileRef = 84C11B8C2A907E2200EAF519 /* Bundle.swift */; };
		84C11BF72A907E2300EAF519 /* MTDevice.swift in Sources */ = {isa = PBXBuildFile; fileRef = 84C11B8E2A907E2200EAF519 /* MTDevice.swift */; };
		84C11BF82A907E2300EAF519 /* ATAccessoryView.swift in Sources */ = {isa = PBXBuildFile; fileRef = 84C11B902A907E2200EAF519 /* ATAccessoryView.swift */; };
		84C11BF92A907E2300EAF519 /* MTProgressView.swift in Sources */ = {isa = PBXBuildFile; fileRef = 84C11B922A907E2200EAF519 /* MTProgressView.swift */; };
		84C11BFA2A907E2300EAF519 /* MTNumber.swift in Sources */ = {isa = PBXBuildFile; fileRef = 84C11B942A907E2200EAF519 /* MTNumber.swift */; };
		84C11BFB2A907E2300EAF519 /* UIImageView.swift in Sources */ = {isa = PBXBuildFile; fileRef = 84C11B962A907E2200EAF519 /* UIImageView.swift */; };
		84C11BFC2A907E2300EAF519 /* MTViewController.swift in Sources */ = {isa = PBXBuildFile; fileRef = 84C11B982A907E2200EAF519 /* MTViewController.swift */; };
		84C11BFD2A907E2300EAF519 /* LoadingAnimation.swift in Sources */ = {isa = PBXBuildFile; fileRef = 84C11B992A907E2200EAF519 /* LoadingAnimation.swift */; };
		84C11BFE2A907E2300EAF519 /* MTNavigationController.swift in Sources */ = {isa = PBXBuildFile; fileRef = 84C11B9B2A907E2200EAF519 /* MTNavigationController.swift */; };
		84C11BFF2A907E2300EAF519 /* UISearchBar.swift in Sources */ = {isa = PBXBuildFile; fileRef = 84C11B9D2A907E2200EAF519 /* UISearchBar.swift */; };
		84C11C002A907E2300EAF519 /* MTControl.swift in Sources */ = {isa = PBXBuildFile; fileRef = 84C11B9F2A907E2200EAF519 /* MTControl.swift */; };
		84C11C012A907E2300EAF519 /* LoadingLabel.swift in Sources */ = {isa = PBXBuildFile; fileRef = 84C11BA12A907E2200EAF519 /* LoadingLabel.swift */; };
		84C11C022A907E2300EAF519 /* MTAPI.swift in Sources */ = {isa = PBXBuildFile; fileRef = 84C11BA32A907E2200EAF519 /* MTAPI.swift */; };
		84C11C032A907E2300EAF519 /* Log.swift in Sources */ = {isa = PBXBuildFile; fileRef = 84C11BA52A907E2200EAF519 /* Log.swift */; };
		84C11C042A907E2300EAF519 /* MTString.swift in Sources */ = {isa = PBXBuildFile; fileRef = 84C11BA72A907E2200EAF519 /* MTString.swift */; };
		84C11C052A907E2300EAF519 /* LAContext.swift in Sources */ = {isa = PBXBuildFile; fileRef = 84C11BA92A907E2200EAF519 /* LAContext.swift */; };
		84C11C062A907E2300EAF519 /* MTObject.swift in Sources */ = {isa = PBXBuildFile; fileRef = 84C11BAB2A907E2200EAF519 /* MTObject.swift */; };
		84C11C072A907E2300EAF519 /* MTAsset.swift in Sources */ = {isa = PBXBuildFile; fileRef = 84C11BAD2A907E2200EAF519 /* MTAsset.swift */; };
		84C11C082A907E2300EAF519 /* Thread.swift in Sources */ = {isa = PBXBuildFile; fileRef = 84C11BAF2A907E2200EAF519 /* Thread.swift */; };
		84C11C092A907E2300EAF519 /* Queue.swift in Sources */ = {isa = PBXBuildFile; fileRef = 84C11BB02A907E2200EAF519 /* Queue.swift */; };
		84C11C0A2A907E2300EAF519 /* MTError.swift in Sources */ = {isa = PBXBuildFile; fileRef = 84C11BB22A907E2200EAF519 /* MTError.swift */; };
		84C11C0B2A907E2300EAF519 /* Global.swift in Sources */ = {isa = PBXBuildFile; fileRef = 84C11BB42A907E2200EAF519 /* Global.swift */; };
		84C11C0C2A907E2300EAF519 /* ConstraintMultiplierTarget.swift in Sources */ = {isa = PBXBuildFile; fileRef = 84C11BB62A907E2200EAF519 /* ConstraintMultiplierTarget.swift */; };
		84C11C0D2A907E2300EAF519 /* LayoutConstraintItem.swift in Sources */ = {isa = PBXBuildFile; fileRef = 84C11BB72A907E2200EAF519 /* LayoutConstraintItem.swift */; };
		84C11C0E2A907E2300EAF519 /* ConstraintMakerPrioritizable.swift in Sources */ = {isa = PBXBuildFile; fileRef = 84C11BB82A907E2200EAF519 /* ConstraintMakerPrioritizable.swift */; };
		84C11C0F2A907E2300EAF519 /* ConstraintDescription.swift in Sources */ = {isa = PBXBuildFile; fileRef = 84C11BB92A907E2200EAF519 /* ConstraintDescription.swift */; };
		84C11C102A907E2300EAF519 /* ConstraintAttributes.swift in Sources */ = {isa = PBXBuildFile; fileRef = 84C11BBA2A907E2200EAF519 /* ConstraintAttributes.swift */; };
		84C11C112A907E2300EAF519 /* ConstraintViewDSL.swift in Sources */ = {isa = PBXBuildFile; fileRef = 84C11BBB2A907E2200EAF519 /* ConstraintViewDSL.swift */; };
		84C11C122A907E2300EAF519 /* ConstraintPriorityTarget.swift in Sources */ = {isa = PBXBuildFile; fileRef = 84C11BBC2A907E2200EAF519 /* ConstraintPriorityTarget.swift */; };
		84C11C132A907E2300EAF519 /* ConstraintInsets.swift in Sources */ = {isa = PBXBuildFile; fileRef = 84C11BBD2A907E2200EAF519 /* ConstraintInsets.swift */; };
		84C11C142A907E2300EAF519 /* ConstraintMakerFinalizable.swift in Sources */ = {isa = PBXBuildFile; fileRef = 84C11BBE2A907E2200EAF519 /* ConstraintMakerFinalizable.swift */; };
		84C11C152A907E2300EAF519 /* ConstraintDSL.swift in Sources */ = {isa = PBXBuildFile; fileRef = 84C11BBF2A907E2200EAF519 /* ConstraintDSL.swift */; };
		84C11C162A907E2300EAF519 /* ConstraintMakerExtendable.swift in Sources */ = {isa = PBXBuildFile; fileRef = 84C11BC02A907E2200EAF519 /* ConstraintMakerExtendable.swift */; };
		84C11C172A907E2300EAF519 /* ConstraintPriority.swift in Sources */ = {isa = PBXBuildFile; fileRef = 84C11BC12A907E2200EAF519 /* ConstraintPriority.swift */; };
		84C11C182A907E2300EAF519 /* ConstraintInsetTarget.swift in Sources */ = {isa = PBXBuildFile; fileRef = 84C11BC22A907E2200EAF519 /* ConstraintInsetTarget.swift */; };
		84C11C192A907E2300EAF519 /* ConstraintDirectionalInsetTarget.swift in Sources */ = {isa = PBXBuildFile; fileRef = 84C11BC32A907E2200EAF519 /* ConstraintDirectionalInsetTarget.swift */; };
		84C11C1A2A907E2300EAF519 /* ConstraintMakerRelatable+Extensions.swift in Sources */ = {isa = PBXBuildFile; fileRef = 84C11BC42A907E2200EAF519 /* ConstraintMakerRelatable+Extensions.swift */; };
		84C11C1B2A907E2300EAF519 /* ConstraintConfig.swift in Sources */ = {isa = PBXBuildFile; fileRef = 84C11BC52A907E2200EAF519 /* ConstraintConfig.swift */; };
		84C11C1C2A907E2300EAF519 /* UILayoutSupport+Extensions.swift in Sources */ = {isa = PBXBuildFile; fileRef = 84C11BC62A907E2200EAF519 /* UILayoutSupport+Extensions.swift */; };
		84C11C1D2A907E2300EAF519 /* ConstraintView.swift in Sources */ = {isa = PBXBuildFile; fileRef = 84C11BC72A907E2200EAF519 /* ConstraintView.swift */; };
		84C11C1E2A907E2300EAF519 /* ConstraintLayoutGuide.swift in Sources */ = {isa = PBXBuildFile; fileRef = 84C11BC82A907E2200EAF519 /* ConstraintLayoutGuide.swift */; };
		84C11C1F2A907E2300EAF519 /* ConstraintLayoutSupport.swift in Sources */ = {isa = PBXBuildFile; fileRef = 84C11BC92A907E2200EAF519 /* ConstraintLayoutSupport.swift */; };
		84C11C202A907E2300EAF519 /* Typealiases.swift in Sources */ = {isa = PBXBuildFile; fileRef = 84C11BCA2A907E2200EAF519 /* Typealiases.swift */; };
		84C11C212A907E2300EAF519 /* ConstraintConstantTarget.swift in Sources */ = {isa = PBXBuildFile; fileRef = 84C11BCB2A907E2200EAF519 /* ConstraintConstantTarget.swift */; };
		84C11C222A907E2300EAF519 /* ConstraintOffsetTarget.swift in Sources */ = {isa = PBXBuildFile; fileRef = 84C11BCC2A907E2200EAF519 /* ConstraintOffsetTarget.swift */; };
		84C11C232A907E2300EAF519 /* ConstraintMakerEditable.swift in Sources */ = {isa = PBXBuildFile; fileRef = 84C11BCD2A907E2200EAF519 /* ConstraintMakerEditable.swift */; };
		84C11C242A907E2300EAF519 /* ConstraintMaker.swift in Sources */ = {isa = PBXBuildFile; fileRef = 84C11BCE2A907E2200EAF519 /* ConstraintMaker.swift */; };
		84C11C252A907E2300EAF519 /* ConstraintRelation.swift in Sources */ = {isa = PBXBuildFile; fileRef = 84C11BCF2A907E2200EAF519 /* ConstraintRelation.swift */; };
		84C11C262A907E2300EAF519 /* ConstraintLayoutGuideDSL.swift in Sources */ = {isa = PBXBuildFile; fileRef = 84C11BD02A907E2200EAF519 /* ConstraintLayoutGuideDSL.swift */; };
		84C11C272A907E2300EAF519 /* ConstraintView+Extensions.swift in Sources */ = {isa = PBXBuildFile; fileRef = 84C11BD12A907E2200EAF519 /* ConstraintView+Extensions.swift */; };
		84C11C282A907E2300EAF519 /* ConstraintItem.swift in Sources */ = {isa = PBXBuildFile; fileRef = 84C11BD22A907E2200EAF519 /* ConstraintItem.swift */; };
		84C11C292A907E2300EAF519 /* Constraint.swift in Sources */ = {isa = PBXBuildFile; fileRef = 84C11BD32A907E2200EAF519 /* Constraint.swift */; };
		84C11C2A2A907E2300EAF519 /* Debugging.swift in Sources */ = {isa = PBXBuildFile; fileRef = 84C11BD42A907E2200EAF519 /* Debugging.swift */; };
		84C11C2B2A907E2300EAF519 /* ConstraintRelatableTarget.swift in Sources */ = {isa = PBXBuildFile; fileRef = 84C11BD52A907E2200EAF519 /* ConstraintRelatableTarget.swift */; };
		84C11C2C2A907E2300EAF519 /* LayoutConstraint.swift in Sources */ = {isa = PBXBuildFile; fileRef = 84C11BD62A907E2200EAF519 /* LayoutConstraint.swift */; };
		84C11C2D2A907E2300EAF519 /* ConstraintLayoutGuide+Extensions.swift in Sources */ = {isa = PBXBuildFile; fileRef = 84C11BD72A907E2200EAF519 /* ConstraintLayoutGuide+Extensions.swift */; };
		84C11C2E2A907E2300EAF519 /* ConstraintDirectionalInsets.swift in Sources */ = {isa = PBXBuildFile; fileRef = 84C11BD82A907E2200EAF519 /* ConstraintDirectionalInsets.swift */; };
		84C11C2F2A907E2300EAF519 /* ConstraintLayoutSupportDSL.swift in Sources */ = {isa = PBXBuildFile; fileRef = 84C11BD92A907E2200EAF519 /* ConstraintLayoutSupportDSL.swift */; };
		84C11C302A907E2300EAF519 /* ConstraintMakerRelatable.swift in Sources */ = {isa = PBXBuildFile; fileRef = 84C11BDA2A907E2200EAF519 /* ConstraintMakerRelatable.swift */; };
/* End PBXBuildFile section */

/* Begin PBXFileReference section */
		84C11B502A907D4F00EAF519 /* MiTu.framework */ = {isa = PBXFileReference; explicitFileType = wrapper.framework; includeInIndex = 0; path = MiTu.framework; sourceTree = BUILT_PRODUCTS_DIR; };
		84C11B532A907D4F00EAF519 /* MiTu.h */ = {isa = PBXFileReference; lastKnownFileType = sourcecode.c.h; path = MiTu.h; sourceTree = "<group>"; };
		84C11B5C2A907E2200EAF519 /* MTImage.swift */ = {isa = PBXFileReference; fileEncoding = 4; lastKnownFileType = sourcecode.swift; path = MTImage.swift; sourceTree = "<group>"; };
		84C11B5E2A907E2200EAF519 /* ClosureSleeve.swift */ = {isa = PBXFileReference; fileEncoding = 4; lastKnownFileType = sourcecode.swift; path = ClosureSleeve.swift; sourceTree = "<group>"; };
		84C11B602A907E2200EAF519 /* MTTableView.swift */ = {isa = PBXFileReference; fileEncoding = 4; lastKnownFileType = sourcecode.swift; path = MTTableView.swift; sourceTree = "<group>"; };
		84C11B622A907E2200EAF519 /* ATPageControl.swift */ = {isa = PBXFileReference; fileEncoding = 4; lastKnownFileType = sourcecode.swift; path = ATPageControl.swift; sourceTree = "<group>"; };
		84C11B642A907E2200EAF519 /* PHImage.swift */ = {isa = PBXFileReference; fileEncoding = 4; lastKnownFileType = sourcecode.swift; path = PHImage.swift; sourceTree = "<group>"; };
		84C11B652A907E2200EAF519 /* PHAssetConfig.swift */ = {isa = PBXFileReference; fileEncoding = 4; lastKnownFileType = sourcecode.swift; path = PHAssetConfig.swift; sourceTree = "<group>"; };
		84C11B662A907E2200EAF519 /* PHAssetManager.swift */ = {isa = PBXFileReference; fileEncoding = 4; lastKnownFileType = sourcecode.swift; path = PHAssetManager.swift; sourceTree = "<group>"; };
		84C11B682A907E2200EAF519 /* MTGradientView.swift */ = {isa = PBXFileReference; fileEncoding = 4; lastKnownFileType = sourcecode.swift; path = MTGradientView.swift; sourceTree = "<group>"; };
		84C11B692A907E2200EAF519 /* MTGradientLabel.swift */ = {isa = PBXFileReference; fileEncoding = 4; lastKnownFileType = sourcecode.swift; path = MTGradientLabel.swift; sourceTree = "<group>"; };
		84C11B6A2A907E2200EAF519 /* MTGradientButton.swift */ = {isa = PBXFileReference; fileEncoding = 4; lastKnownFileType = sourcecode.swift; path = MTGradientButton.swift; sourceTree = "<group>"; };
		84C11B6B2A907E2200EAF519 /* MTGradient.swift */ = {isa = PBXFileReference; fileEncoding = 4; lastKnownFileType = sourcecode.swift; path = MTGradient.swift; sourceTree = "<group>"; };
		84C11B6D2A907E2200EAF519 /* MTTextView.swift */ = {isa = PBXFileReference; fileEncoding = 4; lastKnownFileType = sourcecode.swift; path = MTTextView.swift; sourceTree = "<group>"; };
		84C11B6F2A907E2200EAF519 /* MTApplication.swift */ = {isa = PBXFileReference; fileEncoding = 4; lastKnownFileType = sourcecode.swift; path = MTApplication.swift; sourceTree = "<group>"; };
		84C11B712A907E2200EAF519 /* MTColor.swift */ = {isa = PBXFileReference; fileEncoding = 4; lastKnownFileType = sourcecode.swift; path = MTColor.swift; sourceTree = "<group>"; };
		84C11B732A907E2200EAF519 /* MTCollectionView.swift */ = {isa = PBXFileReference; fileEncoding = 4; lastKnownFileType = sourcecode.swift; path = MTCollectionView.swift; sourceTree = "<group>"; };
		84C11B752A907E2200EAF519 /* MTRoute.swift */ = {isa = PBXFileReference; fileEncoding = 4; lastKnownFileType = sourcecode.swift; path = MTRoute.swift; sourceTree = "<group>"; };
		84C11B772A907E2200EAF519 /* Publishers.swift */ = {isa = PBXFileReference; fileEncoding = 4; lastKnownFileType = sourcecode.swift; path = Publishers.swift; sourceTree = "<group>"; };
		84C11B792A907E2200EAF519 /* MTTextLink.swift */ = {isa = PBXFileReference; fileEncoding = 4; lastKnownFileType = sourcecode.swift; path = MTTextLink.swift; sourceTree = "<group>"; };
		84C11B7B2A907E2200EAF519 /* MTOperators.swift */ = {isa = PBXFileReference; fileEncoding = 4; lastKnownFileType = sourcecode.swift; path = MTOperators.swift; sourceTree = "<group>"; };
		84C11B7D2A907E2200EAF519 /* ImagePicker.swift */ = {isa = PBXFileReference; fileEncoding = 4; lastKnownFileType = sourcecode.swift; path = ImagePicker.swift; sourceTree = "<group>"; };
		84C11B7F2A907E2200EAF519 /* MTView.swift */ = {isa = PBXFileReference; fileEncoding = 4; lastKnownFileType = sourcecode.swift; path = MTView.swift; sourceTree = "<group>"; };
		84C11B812A907E2200EAF519 /* MTArray.swift */ = {isa = PBXFileReference; fileEncoding = 4; lastKnownFileType = sourcecode.swift; path = MTArray.swift; sourceTree = "<group>"; };
		84C11B832A907E2200EAF519 /* MTDate.swift */ = {isa = PBXFileReference; fileEncoding = 4; lastKnownFileType = sourcecode.swift; path = MTDate.swift; sourceTree = "<group>"; };
		84C11B852A907E2200EAF519 /* UILabel.swift */ = {isa = PBXFileReference; fileEncoding = 4; lastKnownFileType = sourcecode.swift; path = UILabel.swift; sourceTree = "<group>"; };
		84C11B872A907E2200EAF519 /* CryptoSwiftExt.swift */ = {isa = PBXFileReference; fileEncoding = 4; lastKnownFileType = sourcecode.swift; path = CryptoSwiftExt.swift; sourceTree = "<group>"; };
		84C11B892A907E2200EAF519 /* TTextField.swift */ = {isa = PBXFileReference; fileEncoding = 4; lastKnownFileType = sourcecode.swift; path = TTextField.swift; sourceTree = "<group>"; };
		84C11B8A2A907E2200EAF519 /* MTTextField.swift */ = {isa = PBXFileReference; fileEncoding = 4; lastKnownFileType = sourcecode.swift; path = MTTextField.swift; sourceTree = "<group>"; };
		84C11B8C2A907E2200EAF519 /* Bundle.swift */ = {isa = PBXFileReference; fileEncoding = 4; lastKnownFileType = sourcecode.swift; path = Bundle.swift; sourceTree = "<group>"; };
		84C11B8E2A907E2200EAF519 /* MTDevice.swift */ = {isa = PBXFileReference; fileEncoding = 4; lastKnownFileType = sourcecode.swift; path = MTDevice.swift; sourceTree = "<group>"; };
		84C11B902A907E2200EAF519 /* ATAccessoryView.swift */ = {isa = PBXFileReference; fileEncoding = 4; lastKnownFileType = sourcecode.swift; path = ATAccessoryView.swift; sourceTree = "<group>"; };
		84C11B922A907E2200EAF519 /* MTProgressView.swift */ = {isa = PBXFileReference; fileEncoding = 4; lastKnownFileType = sourcecode.swift; path = MTProgressView.swift; sourceTree = "<group>"; };
		84C11B942A907E2200EAF519 /* MTNumber.swift */ = {isa = PBXFileReference; fileEncoding = 4; lastKnownFileType = sourcecode.swift; path = MTNumber.swift; sourceTree = "<group>"; };
		84C11B962A907E2200EAF519 /* UIImageView.swift */ = {isa = PBXFileReference; fileEncoding = 4; lastKnownFileType = sourcecode.swift; path = UIImageView.swift; sourceTree = "<group>"; };
		84C11B982A907E2200EAF519 /* MTViewController.swift */ = {isa = PBXFileReference; fileEncoding = 4; lastKnownFileType = sourcecode.swift; path = MTViewController.swift; sourceTree = "<group>"; };
		84C11B992A907E2200EAF519 /* LoadingAnimation.swift */ = {isa = PBXFileReference; fileEncoding = 4; lastKnownFileType = sourcecode.swift; path = LoadingAnimation.swift; sourceTree = "<group>"; };
		84C11B9B2A907E2200EAF519 /* MTNavigationController.swift */ = {isa = PBXFileReference; fileEncoding = 4; lastKnownFileType = sourcecode.swift; path = MTNavigationController.swift; sourceTree = "<group>"; };
		84C11B9D2A907E2200EAF519 /* UISearchBar.swift */ = {isa = PBXFileReference; fileEncoding = 4; lastKnownFileType = sourcecode.swift; path = UISearchBar.swift; sourceTree = "<group>"; };
		84C11B9F2A907E2200EAF519 /* MTControl.swift */ = {isa = PBXFileReference; fileEncoding = 4; lastKnownFileType = sourcecode.swift; path = MTControl.swift; sourceTree = "<group>"; };
		84C11BA12A907E2200EAF519 /* LoadingLabel.swift */ = {isa = PBXFileReference; fileEncoding = 4; lastKnownFileType = sourcecode.swift; path = LoadingLabel.swift; sourceTree = "<group>"; };
		84C11BA32A907E2200EAF519 /* MTAPI.swift */ = {isa = PBXFileReference; fileEncoding = 4; lastKnownFileType = sourcecode.swift; path = MTAPI.swift; sourceTree = "<group>"; };
		84C11BA52A907E2200EAF519 /* Log.swift */ = {isa = PBXFileReference; fileEncoding = 4; lastKnownFileType = sourcecode.swift; path = Log.swift; sourceTree = "<group>"; };
		84C11BA72A907E2200EAF519 /* MTString.swift */ = {isa = PBXFileReference; fileEncoding = 4; lastKnownFileType = sourcecode.swift; path = MTString.swift; sourceTree = "<group>"; };
		84C11BA92A907E2200EAF519 /* LAContext.swift */ = {isa = PBXFileReference; fileEncoding = 4; lastKnownFileType = sourcecode.swift; path = LAContext.swift; sourceTree = "<group>"; };
		84C11BAB2A907E2200EAF519 /* MTObject.swift */ = {isa = PBXFileReference; fileEncoding = 4; lastKnownFileType = sourcecode.swift; path = MTObject.swift; sourceTree = "<group>"; };
		84C11BAD2A907E2200EAF519 /* MTAsset.swift */ = {isa = PBXFileReference; fileEncoding = 4; lastKnownFileType = sourcecode.swift; path = MTAsset.swift; sourceTree = "<group>"; };
		84C11BAF2A907E2200EAF519 /* Thread.swift */ = {isa = PBXFileReference; fileEncoding = 4; lastKnownFileType = sourcecode.swift; path = Thread.swift; sourceTree = "<group>"; };
		84C11BB02A907E2200EAF519 /* Queue.swift */ = {isa = PBXFileReference; fileEncoding = 4; lastKnownFileType = sourcecode.swift; path = Queue.swift; sourceTree = "<group>"; };
		84C11BB22A907E2200EAF519 /* MTError.swift */ = {isa = PBXFileReference; fileEncoding = 4; lastKnownFileType = sourcecode.swift; path = MTError.swift; sourceTree = "<group>"; };
		84C11BB42A907E2200EAF519 /* Global.swift */ = {isa = PBXFileReference; fileEncoding = 4; lastKnownFileType = sourcecode.swift; path = Global.swift; sourceTree = "<group>"; };
		84C11BB62A907E2200EAF519 /* ConstraintMultiplierTarget.swift */ = {isa = PBXFileReference; fileEncoding = 4; lastKnownFileType = sourcecode.swift; path = ConstraintMultiplierTarget.swift; sourceTree = "<group>"; };
		84C11BB72A907E2200EAF519 /* LayoutConstraintItem.swift */ = {isa = PBXFileReference; fileEncoding = 4; lastKnownFileType = sourcecode.swift; path = LayoutConstraintItem.swift; sourceTree = "<group>"; };
		84C11BB82A907E2200EAF519 /* ConstraintMakerPrioritizable.swift */ = {isa = PBXFileReference; fileEncoding = 4; lastKnownFileType = sourcecode.swift; path = ConstraintMakerPrioritizable.swift; sourceTree = "<group>"; };
		84C11BB92A907E2200EAF519 /* ConstraintDescription.swift */ = {isa = PBXFileReference; fileEncoding = 4; lastKnownFileType = sourcecode.swift; path = ConstraintDescription.swift; sourceTree = "<group>"; };
		84C11BBA2A907E2200EAF519 /* ConstraintAttributes.swift */ = {isa = PBXFileReference; fileEncoding = 4; lastKnownFileType = sourcecode.swift; path = ConstraintAttributes.swift; sourceTree = "<group>"; };
		84C11BBB2A907E2200EAF519 /* ConstraintViewDSL.swift */ = {isa = PBXFileReference; fileEncoding = 4; lastKnownFileType = sourcecode.swift; path = ConstraintViewDSL.swift; sourceTree = "<group>"; };
		84C11BBC2A907E2200EAF519 /* ConstraintPriorityTarget.swift */ = {isa = PBXFileReference; fileEncoding = 4; lastKnownFileType = sourcecode.swift; path = ConstraintPriorityTarget.swift; sourceTree = "<group>"; };
		84C11BBD2A907E2200EAF519 /* ConstraintInsets.swift */ = {isa = PBXFileReference; fileEncoding = 4; lastKnownFileType = sourcecode.swift; path = ConstraintInsets.swift; sourceTree = "<group>"; };
		84C11BBE2A907E2200EAF519 /* ConstraintMakerFinalizable.swift */ = {isa = PBXFileReference; fileEncoding = 4; lastKnownFileType = sourcecode.swift; path = ConstraintMakerFinalizable.swift; sourceTree = "<group>"; };
		84C11BBF2A907E2200EAF519 /* ConstraintDSL.swift */ = {isa = PBXFileReference; fileEncoding = 4; lastKnownFileType = sourcecode.swift; path = ConstraintDSL.swift; sourceTree = "<group>"; };
		84C11BC02A907E2200EAF519 /* ConstraintMakerExtendable.swift */ = {isa = PBXFileReference; fileEncoding = 4; lastKnownFileType = sourcecode.swift; path = ConstraintMakerExtendable.swift; sourceTree = "<group>"; };
		84C11BC12A907E2200EAF519 /* ConstraintPriority.swift */ = {isa = PBXFileReference; fileEncoding = 4; lastKnownFileType = sourcecode.swift; path = ConstraintPriority.swift; sourceTree = "<group>"; };
		84C11BC22A907E2200EAF519 /* ConstraintInsetTarget.swift */ = {isa = PBXFileReference; fileEncoding = 4; lastKnownFileType = sourcecode.swift; path = ConstraintInsetTarget.swift; sourceTree = "<group>"; };
		84C11BC32A907E2200EAF519 /* ConstraintDirectionalInsetTarget.swift */ = {isa = PBXFileReference; fileEncoding = 4; lastKnownFileType = sourcecode.swift; path = ConstraintDirectionalInsetTarget.swift; sourceTree = "<group>"; };
		84C11BC42A907E2200EAF519 /* ConstraintMakerRelatable+Extensions.swift */ = {isa = PBXFileReference; fileEncoding = 4; lastKnownFileType = sourcecode.swift; path = "ConstraintMakerRelatable+Extensions.swift"; sourceTree = "<group>"; };
		84C11BC52A907E2200EAF519 /* ConstraintConfig.swift */ = {isa = PBXFileReference; fileEncoding = 4; lastKnownFileType = sourcecode.swift; path = ConstraintConfig.swift; sourceTree = "<group>"; };
		84C11BC62A907E2200EAF519 /* UILayoutSupport+Extensions.swift */ = {isa = PBXFileReference; fileEncoding = 4; lastKnownFileType = sourcecode.swift; path = "UILayoutSupport+Extensions.swift"; sourceTree = "<group>"; };
		84C11BC72A907E2200EAF519 /* ConstraintView.swift */ = {isa = PBXFileReference; fileEncoding = 4; lastKnownFileType = sourcecode.swift; path = ConstraintView.swift; sourceTree = "<group>"; };
		84C11BC82A907E2200EAF519 /* ConstraintLayoutGuide.swift */ = {isa = PBXFileReference; fileEncoding = 4; lastKnownFileType = sourcecode.swift; path = ConstraintLayoutGuide.swift; sourceTree = "<group>"; };
		84C11BC92A907E2200EAF519 /* ConstraintLayoutSupport.swift */ = {isa = PBXFileReference; fileEncoding = 4; lastKnownFileType = sourcecode.swift; path = ConstraintLayoutSupport.swift; sourceTree = "<group>"; };
		84C11BCA2A907E2200EAF519 /* Typealiases.swift */ = {isa = PBXFileReference; fileEncoding = 4; lastKnownFileType = sourcecode.swift; path = Typealiases.swift; sourceTree = "<group>"; };
		84C11BCB2A907E2200EAF519 /* ConstraintConstantTarget.swift */ = {isa = PBXFileReference; fileEncoding = 4; lastKnownFileType = sourcecode.swift; path = ConstraintConstantTarget.swift; sourceTree = "<group>"; };
		84C11BCC2A907E2200EAF519 /* ConstraintOffsetTarget.swift */ = {isa = PBXFileReference; fileEncoding = 4; lastKnownFileType = sourcecode.swift; path = ConstraintOffsetTarget.swift; sourceTree = "<group>"; };
		84C11BCD2A907E2200EAF519 /* ConstraintMakerEditable.swift */ = {isa = PBXFileReference; fileEncoding = 4; lastKnownFileType = sourcecode.swift; path = ConstraintMakerEditable.swift; sourceTree = "<group>"; };
		84C11BCE2A907E2200EAF519 /* ConstraintMaker.swift */ = {isa = PBXFileReference; fileEncoding = 4; lastKnownFileType = sourcecode.swift; path = ConstraintMaker.swift; sourceTree = "<group>"; };
		84C11BCF2A907E2200EAF519 /* ConstraintRelation.swift */ = {isa = PBXFileReference; fileEncoding = 4; lastKnownFileType = sourcecode.swift; path = ConstraintRelation.swift; sourceTree = "<group>"; };
		84C11BD02A907E2200EAF519 /* ConstraintLayoutGuideDSL.swift */ = {isa = PBXFileReference; fileEncoding = 4; lastKnownFileType = sourcecode.swift; path = ConstraintLayoutGuideDSL.swift; sourceTree = "<group>"; };
		84C11BD12A907E2200EAF519 /* ConstraintView+Extensions.swift */ = {isa = PBXFileReference; fileEncoding = 4; lastKnownFileType = sourcecode.swift; path = "ConstraintView+Extensions.swift"; sourceTree = "<group>"; };
		84C11BD22A907E2200EAF519 /* ConstraintItem.swift */ = {isa = PBXFileReference; fileEncoding = 4; lastKnownFileType = sourcecode.swift; path = ConstraintItem.swift; sourceTree = "<group>"; };
		84C11BD32A907E2200EAF519 /* Constraint.swift */ = {isa = PBXFileReference; fileEncoding = 4; lastKnownFileType = sourcecode.swift; path = Constraint.swift; sourceTree = "<group>"; };
		84C11BD42A907E2200EAF519 /* Debugging.swift */ = {isa = PBXFileReference; fileEncoding = 4; lastKnownFileType = sourcecode.swift; path = Debugging.swift; sourceTree = "<group>"; };
		84C11BD52A907E2200EAF519 /* ConstraintRelatableTarget.swift */ = {isa = PBXFileReference; fileEncoding = 4; lastKnownFileType = sourcecode.swift; path = ConstraintRelatableTarget.swift; sourceTree = "<group>"; };
		84C11BD62A907E2200EAF519 /* LayoutConstraint.swift */ = {isa = PBXFileReference; fileEncoding = 4; lastKnownFileType = sourcecode.swift; path = LayoutConstraint.swift; sourceTree = "<group>"; };
		84C11BD72A907E2200EAF519 /* ConstraintLayoutGuide+Extensions.swift */ = {isa = PBXFileReference; fileEncoding = 4; lastKnownFileType = sourcecode.swift; path = "ConstraintLayoutGuide+Extensions.swift"; sourceTree = "<group>"; };
		84C11BD82A907E2200EAF519 /* ConstraintDirectionalInsets.swift */ = {isa = PBXFileReference; fileEncoding = 4; lastKnownFileType = sourcecode.swift; path = ConstraintDirectionalInsets.swift; sourceTree = "<group>"; };
		84C11BD92A907E2200EAF519 /* ConstraintLayoutSupportDSL.swift */ = {isa = PBXFileReference; fileEncoding = 4; lastKnownFileType = sourcecode.swift; path = ConstraintLayoutSupportDSL.swift; sourceTree = "<group>"; };
		84C11BDA2A907E2200EAF519 /* ConstraintMakerRelatable.swift */ = {isa = PBXFileReference; fileEncoding = 4; lastKnownFileType = sourcecode.swift; path = ConstraintMakerRelatable.swift; sourceTree = "<group>"; };
		84C11C312A9082C700EAF519 /* Info.plist */ = {isa = PBXFileReference; fileEncoding = 4; lastKnownFileType = text.plist.xml; path = Info.plist; sourceTree = "<group>"; };
/* End PBXFileReference section */

/* Begin PBXFrameworksBuildPhase section */
		84C11B4D2A907D4F00EAF519 /* Frameworks */ = {
			isa = PBXFrameworksBuildPhase;
			buildActionMask = 2147483647;
			files = (
			);
			runOnlyForDeploymentPostprocessing = 0;
		};
/* End PBXFrameworksBuildPhase section */

/* Begin PBXGroup section */
		84C11B462A907D4F00EAF519 = {
			isa = PBXGroup;
			children = (
				84C11B522A907D4F00EAF519 /* MiTu */,
				84C11B512A907D4F00EAF519 /* Products */,
			);
			sourceTree = "<group>";
		};
		84C11B512A907D4F00EAF519 /* Products */ = {
			isa = PBXGroup;
			children = (
				84C11B502A907D4F00EAF519 /* MiTu.framework */,
			);
			name = Products;
			sourceTree = "<group>";
		};
		84C11B522A907D4F00EAF519 /* MiTu */ = {
			isa = PBXGroup;
			children = (
				84C11C312A9082C700EAF519 /* Info.plist */,
				84C11B532A907D4F00EAF519 /* MiTu.h */,
				84C11B5A2A907E2200EAF519 /* MiTuSources */,
				84C11BB52A907E2200EAF519 /* SnapKitSources */,
			);
			path = MiTu;
			sourceTree = "<group>";
		};
		84C11B5A2A907E2200EAF519 /* MiTuSources */ = {
			isa = PBXGroup;
			children = (
				84C11B5B2A907E2200EAF519 /* UIImage */,
				84C11B5D2A907E2200EAF519 /* Closure */,
				84C11B5F2A907E2200EAF519 /* TableView */,
				84C11B612A907E2200EAF519 /* MTPageControl */,
				84C11B632A907E2200EAF519 /* PHAsset */,
				84C11B672A907E2200EAF519 /* MTGradient */,
				84C11B6C2A907E2200EAF519 /* TextView */,
				84C11B6E2A907E2200EAF519 /* UIApplication */,
				84C11B702A907E2200EAF519 /* UIColor */,
				84C11B722A907E2200EAF519 /* CollectionView */,
				84C11B742A907E2200EAF519 /* Route */,
				84C11B762A907E2200EAF519 /* Combine */,
				84C11B782A907E2200EAF519 /* TextLink */,
				84C11B7A2A907E2200EAF519 /* Operators */,
				84C11B7C2A907E2200EAF519 /* ImagePicker */,
				84C11B7E2A907E2200EAF519 /* UIView */,
				84C11B802A907E2200EAF519 /* Array */,
				84C11B822A907E2200EAF519 /* Date */,
				84C11B842A907E2200EAF519 /* Label */,
				84C11B862A907E2200EAF519 /* CryptoSwift */,
				84C11B882A907E2200EAF519 /* TextField */,
				84C11B8B2A907E2200EAF519 /* Bundle */,
				84C11B8D2A907E2200EAF519 /* UIDevice */,
				84C11B8F2A907E2200EAF519 /* ATAccessoryView */,
				84C11B912A907E2200EAF519 /* MTProgressView */,
				84C11B932A907E2200EAF519 /* Number */,
				84C11B952A907E2200EAF519 /* UIimageView */,
				84C11B972A907E2200EAF519 /* UIViewController */,
				84C11B9A2A907E2200EAF519 /* UINavigationController */,
				84C11B9C2A907E2200EAF519 /* UISearchBar */,
				84C11B9E2A907E2200EAF519 /* UIControl */,
				84C11BA02A907E2200EAF519 /* LoadingLabel */,
				84C11BA22A907E2200EAF519 /* API */,
				84C11BA42A907E2200EAF519 /* Log */,
				84C11BA62A907E2200EAF519 /* String */,
				84C11BA82A907E2200EAF519 /* LAContext */,
				84C11BAA2A907E2200EAF519 /* NSObject */,
				84C11BAC2A907E2200EAF519 /* Photos */,
				84C11BAE2A907E2200EAF519 /* Thread */,
				84C11BB12A907E2200EAF519 /* Error */,
				84C11BB32A907E2200EAF519 /* Global */,
			);
			path = MiTuSources;
			sourceTree = "<group>";
		};
		84C11B5B2A907E2200EAF519 /* UIImage */ = {
			isa = PBXGroup;
			children = (
				84C11B5C2A907E2200EAF519 /* MTImage.swift */,
			);
			path = UIImage;
			sourceTree = "<group>";
		};
		84C11B5D2A907E2200EAF519 /* Closure */ = {
			isa = PBXGroup;
			children = (
				84C11B5E2A907E2200EAF519 /* ClosureSleeve.swift */,
			);
			path = Closure;
			sourceTree = "<group>";
		};
		84C11B5F2A907E2200EAF519 /* TableView */ = {
			isa = PBXGroup;
			children = (
				84C11B602A907E2200EAF519 /* MTTableView.swift */,
			);
			path = TableView;
			sourceTree = "<group>";
		};
		84C11B612A907E2200EAF519 /* MTPageControl */ = {
			isa = PBXGroup;
			children = (
				84C11B622A907E2200EAF519 /* ATPageControl.swift */,
			);
			path = MTPageControl;
			sourceTree = "<group>";
		};
		84C11B632A907E2200EAF519 /* PHAsset */ = {
			isa = PBXGroup;
			children = (
				84C11B642A907E2200EAF519 /* PHImage.swift */,
				84C11B652A907E2200EAF519 /* PHAssetConfig.swift */,
				84C11B662A907E2200EAF519 /* PHAssetManager.swift */,
			);
			path = PHAsset;
			sourceTree = "<group>";
		};
		84C11B672A907E2200EAF519 /* MTGradient */ = {
			isa = PBXGroup;
			children = (
				84C11B682A907E2200EAF519 /* MTGradientView.swift */,
				84C11B692A907E2200EAF519 /* MTGradientLabel.swift */,
				84C11B6A2A907E2200EAF519 /* MTGradientButton.swift */,
				84C11B6B2A907E2200EAF519 /* MTGradient.swift */,
			);
			path = MTGradient;
			sourceTree = "<group>";
		};
		84C11B6C2A907E2200EAF519 /* TextView */ = {
			isa = PBXGroup;
			children = (
				84C11B6D2A907E2200EAF519 /* MTTextView.swift */,
			);
			path = TextView;
			sourceTree = "<group>";
		};
		84C11B6E2A907E2200EAF519 /* UIApplication */ = {
			isa = PBXGroup;
			children = (
				84C11B6F2A907E2200EAF519 /* MTApplication.swift */,
			);
			path = UIApplication;
			sourceTree = "<group>";
		};
		84C11B702A907E2200EAF519 /* UIColor */ = {
			isa = PBXGroup;
			children = (
				84C11B712A907E2200EAF519 /* MTColor.swift */,
			);
			path = UIColor;
			sourceTree = "<group>";
		};
		84C11B722A907E2200EAF519 /* CollectionView */ = {
			isa = PBXGroup;
			children = (
				84C11B732A907E2200EAF519 /* MTCollectionView.swift */,
			);
			path = CollectionView;
			sourceTree = "<group>";
		};
		84C11B742A907E2200EAF519 /* Route */ = {
			isa = PBXGroup;
			children = (
				84C11B752A907E2200EAF519 /* MTRoute.swift */,
			);
			path = Route;
			sourceTree = "<group>";
		};
		84C11B762A907E2200EAF519 /* Combine */ = {
			isa = PBXGroup;
			children = (
				84C11B772A907E2200EAF519 /* Publishers.swift */,
			);
			path = Combine;
			sourceTree = "<group>";
		};
		84C11B782A907E2200EAF519 /* TextLink */ = {
			isa = PBXGroup;
			children = (
				84C11B792A907E2200EAF519 /* MTTextLink.swift */,
			);
			path = TextLink;
			sourceTree = "<group>";
		};
		84C11B7A2A907E2200EAF519 /* Operators */ = {
			isa = PBXGroup;
			children = (
				84C11B7B2A907E2200EAF519 /* MTOperators.swift */,
			);
			path = Operators;
			sourceTree = "<group>";
		};
		84C11B7C2A907E2200EAF519 /* ImagePicker */ = {
			isa = PBXGroup;
			children = (
				84C11B7D2A907E2200EAF519 /* ImagePicker.swift */,
			);
			path = ImagePicker;
			sourceTree = "<group>";
		};
		84C11B7E2A907E2200EAF519 /* UIView */ = {
			isa = PBXGroup;
			children = (
				84C11B7F2A907E2200EAF519 /* MTView.swift */,
			);
			path = UIView;
			sourceTree = "<group>";
		};
		84C11B802A907E2200EAF519 /* Array */ = {
			isa = PBXGroup;
			children = (
				84C11B812A907E2200EAF519 /* MTArray.swift */,
			);
			path = Array;
			sourceTree = "<group>";
		};
		84C11B822A907E2200EAF519 /* Date */ = {
			isa = PBXGroup;
			children = (
				84C11B832A907E2200EAF519 /* MTDate.swift */,
			);
			path = Date;
			sourceTree = "<group>";
		};
		84C11B842A907E2200EAF519 /* Label */ = {
			isa = PBXGroup;
			children = (
				84C11B852A907E2200EAF519 /* UILabel.swift */,
			);
			path = Label;
			sourceTree = "<group>";
		};
		84C11B862A907E2200EAF519 /* CryptoSwift */ = {
			isa = PBXGroup;
			children = (
				84C11B872A907E2200EAF519 /* CryptoSwiftExt.swift */,
			);
			path = CryptoSwift;
			sourceTree = "<group>";
		};
		84C11B882A907E2200EAF519 /* TextField */ = {
			isa = PBXGroup;
			children = (
				84C11B892A907E2200EAF519 /* TTextField.swift */,
				84C11B8A2A907E2200EAF519 /* MTTextField.swift */,
			);
			path = TextField;
			sourceTree = "<group>";
		};
		84C11B8B2A907E2200EAF519 /* Bundle */ = {
			isa = PBXGroup;
			children = (
				84C11B8C2A907E2200EAF519 /* Bundle.swift */,
			);
			path = Bundle;
			sourceTree = "<group>";
		};
		84C11B8D2A907E2200EAF519 /* UIDevice */ = {
			isa = PBXGroup;
			children = (
				84C11B8E2A907E2200EAF519 /* MTDevice.swift */,
			);
			path = UIDevice;
			sourceTree = "<group>";
		};
		84C11B8F2A907E2200EAF519 /* ATAccessoryView */ = {
			isa = PBXGroup;
			children = (
				84C11B902A907E2200EAF519 /* ATAccessoryView.swift */,
			);
			path = ATAccessoryView;
			sourceTree = "<group>";
		};
		84C11B912A907E2200EAF519 /* MTProgressView */ = {
			isa = PBXGroup;
			children = (
				84C11B922A907E2200EAF519 /* MTProgressView.swift */,
			);
			path = MTProgressView;
			sourceTree = "<group>";
		};
		84C11B932A907E2200EAF519 /* Number */ = {
			isa = PBXGroup;
			children = (
				84C11B942A907E2200EAF519 /* MTNumber.swift */,
			);
			path = Number;
			sourceTree = "<group>";
		};
		84C11B952A907E2200EAF519 /* UIimageView */ = {
			isa = PBXGroup;
			children = (
				84C11B962A907E2200EAF519 /* UIImageView.swift */,
			);
			path = UIimageView;
			sourceTree = "<group>";
		};
		84C11B972A907E2200EAF519 /* UIViewController */ = {
			isa = PBXGroup;
			children = (
				84C11B982A907E2200EAF519 /* MTViewController.swift */,
				84C11B992A907E2200EAF519 /* LoadingAnimation.swift */,
			);
			path = UIViewController;
			sourceTree = "<group>";
		};
		84C11B9A2A907E2200EAF519 /* UINavigationController */ = {
			isa = PBXGroup;
			children = (
				84C11B9B2A907E2200EAF519 /* MTNavigationController.swift */,
			);
			path = UINavigationController;
			sourceTree = "<group>";
		};
		84C11B9C2A907E2200EAF519 /* UISearchBar */ = {
			isa = PBXGroup;
			children = (
				84C11B9D2A907E2200EAF519 /* UISearchBar.swift */,
			);
			path = UISearchBar;
			sourceTree = "<group>";
		};
		84C11B9E2A907E2200EAF519 /* UIControl */ = {
			isa = PBXGroup;
			children = (
				84C11B9F2A907E2200EAF519 /* MTControl.swift */,
			);
			path = UIControl;
			sourceTree = "<group>";
		};
		84C11BA02A907E2200EAF519 /* LoadingLabel */ = {
			isa = PBXGroup;
			children = (
				84C11BA12A907E2200EAF519 /* LoadingLabel.swift */,
			);
			path = LoadingLabel;
			sourceTree = "<group>";
		};
		84C11BA22A907E2200EAF519 /* API */ = {
			isa = PBXGroup;
			children = (
				84C11BA32A907E2200EAF519 /* MTAPI.swift */,
			);
			path = API;
			sourceTree = "<group>";
		};
		84C11BA42A907E2200EAF519 /* Log */ = {
			isa = PBXGroup;
			children = (
				84C11BA52A907E2200EAF519 /* Log.swift */,
			);
			path = Log;
			sourceTree = "<group>";
		};
		84C11BA62A907E2200EAF519 /* String */ = {
			isa = PBXGroup;
			children = (
				84C11BA72A907E2200EAF519 /* MTString.swift */,
			);
			path = String;
			sourceTree = "<group>";
		};
		84C11BA82A907E2200EAF519 /* LAContext */ = {
			isa = PBXGroup;
			children = (
				84C11BA92A907E2200EAF519 /* LAContext.swift */,
			);
			path = LAContext;
			sourceTree = "<group>";
		};
		84C11BAA2A907E2200EAF519 /* NSObject */ = {
			isa = PBXGroup;
			children = (
				84C11BAB2A907E2200EAF519 /* MTObject.swift */,
			);
			path = NSObject;
			sourceTree = "<group>";
		};
		84C11BAC2A907E2200EAF519 /* Photos */ = {
			isa = PBXGroup;
			children = (
				84C11BAD2A907E2200EAF519 /* MTAsset.swift */,
			);
			path = Photos;
			sourceTree = "<group>";
		};
		84C11BAE2A907E2200EAF519 /* Thread */ = {
			isa = PBXGroup;
			children = (
				84C11BAF2A907E2200EAF519 /* Thread.swift */,
				84C11BB02A907E2200EAF519 /* Queue.swift */,
			);
			path = Thread;
			sourceTree = "<group>";
		};
		84C11BB12A907E2200EAF519 /* Error */ = {
			isa = PBXGroup;
			children = (
				84C11BB22A907E2200EAF519 /* MTError.swift */,
			);
			path = Error;
			sourceTree = "<group>";
		};
		84C11BB32A907E2200EAF519 /* Global */ = {
			isa = PBXGroup;
			children = (
				84C11BB42A907E2200EAF519 /* Global.swift */,
			);
			path = Global;
			sourceTree = "<group>";
		};
		84C11BB52A907E2200EAF519 /* SnapKitSources */ = {
			isa = PBXGroup;
			children = (
				84C11BB62A907E2200EAF519 /* ConstraintMultiplierTarget.swift */,
				84C11BB72A907E2200EAF519 /* LayoutConstraintItem.swift */,
				84C11BB82A907E2200EAF519 /* ConstraintMakerPrioritizable.swift */,
				84C11BB92A907E2200EAF519 /* ConstraintDescription.swift */,
				84C11BBA2A907E2200EAF519 /* ConstraintAttributes.swift */,
				84C11BBB2A907E2200EAF519 /* ConstraintViewDSL.swift */,
				84C11BBC2A907E2200EAF519 /* ConstraintPriorityTarget.swift */,
				84C11BBD2A907E2200EAF519 /* ConstraintInsets.swift */,
				84C11BBE2A907E2200EAF519 /* ConstraintMakerFinalizable.swift */,
				84C11BBF2A907E2200EAF519 /* ConstraintDSL.swift */,
				84C11BC02A907E2200EAF519 /* ConstraintMakerExtendable.swift */,
				84C11BC12A907E2200EAF519 /* ConstraintPriority.swift */,
				84C11BC22A907E2200EAF519 /* ConstraintInsetTarget.swift */,
				84C11BC32A907E2200EAF519 /* ConstraintDirectionalInsetTarget.swift */,
				84C11BC42A907E2200EAF519 /* ConstraintMakerRelatable+Extensions.swift */,
				84C11BC52A907E2200EAF519 /* ConstraintConfig.swift */,
				84C11BC62A907E2200EAF519 /* UILayoutSupport+Extensions.swift */,
				84C11BC72A907E2200EAF519 /* ConstraintView.swift */,
				84C11BC82A907E2200EAF519 /* ConstraintLayoutGuide.swift */,
				84C11BC92A907E2200EAF519 /* ConstraintLayoutSupport.swift */,
				84C11BCA2A907E2200EAF519 /* Typealiases.swift */,
				84C11BCB2A907E2200EAF519 /* ConstraintConstantTarget.swift */,
				84C11BCC2A907E2200EAF519 /* ConstraintOffsetTarget.swift */,
				84C11BCD2A907E2200EAF519 /* ConstraintMakerEditable.swift */,
				84C11BCE2A907E2200EAF519 /* ConstraintMaker.swift */,
				84C11BCF2A907E2200EAF519 /* ConstraintRelation.swift */,
				84C11BD02A907E2200EAF519 /* ConstraintLayoutGuideDSL.swift */,
				84C11BD12A907E2200EAF519 /* ConstraintView+Extensions.swift */,
				84C11BD22A907E2200EAF519 /* ConstraintItem.swift */,
				84C11BD32A907E2200EAF519 /* Constraint.swift */,
				84C11BD42A907E2200EAF519 /* Debugging.swift */,
				84C11BD52A907E2200EAF519 /* ConstraintRelatableTarget.swift */,
				84C11BD62A907E2200EAF519 /* LayoutConstraint.swift */,
				84C11BD72A907E2200EAF519 /* ConstraintLayoutGuide+Extensions.swift */,
				84C11BD82A907E2200EAF519 /* ConstraintDirectionalInsets.swift */,
				84C11BD92A907E2200EAF519 /* ConstraintLayoutSupportDSL.swift */,
				84C11BDA2A907E2200EAF519 /* ConstraintMakerRelatable.swift */,
			);
			path = SnapKitSources;
			sourceTree = "<group>";
		};
/* End PBXGroup section */

/* Begin PBXHeadersBuildPhase section */
		84C11B4B2A907D4F00EAF519 /* Headers */ = {
			isa = PBXHeadersBuildPhase;
			buildActionMask = 2147483647;
			files = (
				84C11B542A907D4F00EAF519 /* MiTu.h in Headers */,
			);
			runOnlyForDeploymentPostprocessing = 0;
		};
/* End PBXHeadersBuildPhase section */

/* Begin PBXNativeTarget section */
		84C11B4F2A907D4F00EAF519 /* MiTu */ = {
			isa = PBXNativeTarget;
			buildConfigurationList = 84C11B572A907D4F00EAF519 /* Build configuration list for PBXNativeTarget "MiTu" */;
			buildPhases = (
				84C11B4B2A907D4F00EAF519 /* Headers */,
				84C11B4C2A907D4F00EAF519 /* Sources */,
				84C11B4D2A907D4F00EAF519 /* Frameworks */,
				84C11B4E2A907D4F00EAF519 /* Resources */,
			);
			buildRules = (
			);
			dependencies = (
			);
			name = MiTu;
			productName = MiTu;
			productReference = 84C11B502A907D4F00EAF519 /* MiTu.framework */;
			productType = "com.apple.product-type.framework";
		};
/* End PBXNativeTarget section */

/* Begin PBXProject section */
		84C11B472A907D4F00EAF519 /* Project object */ = {
			isa = PBXProject;
			attributes = {
				BuildIndependentTargetsInParallel = 1;
				LastUpgradeCheck = 1430;
				ORGANIZATIONNAME = MiTu;
				TargetAttributes = {
					84C11B4F2A907D4F00EAF519 = {
						CreatedOnToolsVersion = 14.3.1;
					};
				};
			};
			buildConfigurationList = 84C11B4A2A907D4F00EAF519 /* Build configuration list for PBXProject "MiTu" */;
			compatibilityVersion = "Xcode 14.0";
			developmentRegion = en;
			hasScannedForEncodings = 0;
			knownRegions = (
				en,
				Base,
			);
			mainGroup = 84C11B462A907D4F00EAF519;
			productRefGroup = 84C11B512A907D4F00EAF519 /* Products */;
			projectDirPath = "";
			projectRoot = "";
			targets = (
				84C11B4F2A907D4F00EAF519 /* MiTu */,
			);
		};
/* End PBXProject section */

/* Begin PBXResourcesBuildPhase section */
		84C11B4E2A907D4F00EAF519 /* Resources */ = {
			isa = PBXResourcesBuildPhase;
			buildActionMask = 2147483647;
			files = (
			);
			runOnlyForDeploymentPostprocessing = 0;
		};
/* End PBXResourcesBuildPhase section */

/* Begin PBXSourcesBuildPhase section */
		84C11B4C2A907D4F00EAF519 /* Sources */ = {
			isa = PBXSourcesBuildPhase;
			buildActionMask = 2147483647;
			files = (
				84C11C1A2A907E2300EAF519 /* ConstraintMakerRelatable+Extensions.swift in Sources */,
				84C11C292A907E2300EAF519 /* Constraint.swift in Sources */,
				84C11C1F2A907E2300EAF519 /* ConstraintLayoutSupport.swift in Sources */,
				84C11C202A907E2300EAF519 /* Typealiases.swift in Sources */,
				84C11BF12A907E2300EAF519 /* MTDate.swift in Sources */,
				84C11C232A907E2300EAF519 /* ConstraintMakerEditable.swift in Sources */,
				84C11BF62A907E2300EAF519 /* Bundle.swift in Sources */,
				84C11BF82A907E2300EAF519 /* ATAccessoryView.swift in Sources */,
				84C11C0A2A907E2300EAF519 /* MTError.swift in Sources */,
				84C11BF52A907E2300EAF519 /* MTTextField.swift in Sources */,
				84C11C1C2A907E2300EAF519 /* UILayoutSupport+Extensions.swift in Sources */,
				84C11C052A907E2300EAF519 /* LAContext.swift in Sources */,
				84C11C222A907E2300EAF519 /* ConstraintOffsetTarget.swift in Sources */,
				84C11BF92A907E2300EAF519 /* MTProgressView.swift in Sources */,
				84C11BE32A907E2300EAF519 /* MTGradientLabel.swift in Sources */,
				84C11C0D2A907E2300EAF519 /* LayoutConstraintItem.swift in Sources */,
				84C11BF72A907E2300EAF519 /* MTDevice.swift in Sources */,
				84C11BFC2A907E2300EAF519 /* MTViewController.swift in Sources */,
				84C11C172A907E2300EAF519 /* ConstraintPriority.swift in Sources */,
				84C11C212A907E2300EAF519 /* ConstraintConstantTarget.swift in Sources */,
				84C11BFE2A907E2300EAF519 /* MTNavigationController.swift in Sources */,
				84C11C132A907E2300EAF519 /* ConstraintInsets.swift in Sources */,
				84C11C2A2A907E2300EAF519 /* Debugging.swift in Sources */,
				84C11BDB2A907E2300EAF519 /* MTImage.swift in Sources */,
				84C11C1B2A907E2300EAF519 /* ConstraintConfig.swift in Sources */,
				84C11C2D2A907E2300EAF519 /* ConstraintLayoutGuide+Extensions.swift in Sources */,
				84C11C072A907E2300EAF519 /* MTAsset.swift in Sources */,
				84C11C0E2A907E2300EAF519 /* ConstraintMakerPrioritizable.swift in Sources */,
				84C11C002A907E2300EAF519 /* MTControl.swift in Sources */,
				84C11BED2A907E2300EAF519 /* MTOperators.swift in Sources */,
				84C11BE42A907E2300EAF519 /* MTGradientButton.swift in Sources */,
				84C11BE22A907E2300EAF519 /* MTGradientView.swift in Sources */,
				84C11BE12A907E2300EAF519 /* PHAssetManager.swift in Sources */,
				84C11BDE2A907E2300EAF519 /* ATPageControl.swift in Sources */,
				84C11C252A907E2300EAF519 /* ConstraintRelation.swift in Sources */,
				84C11C2B2A907E2300EAF519 /* ConstraintRelatableTarget.swift in Sources */,
				84C11C112A907E2300EAF519 /* ConstraintViewDSL.swift in Sources */,
				84C11C262A907E2300EAF519 /* ConstraintLayoutGuideDSL.swift in Sources */,
				84C11C162A907E2300EAF519 /* ConstraintMakerExtendable.swift in Sources */,
				84C11C192A907E2300EAF519 /* ConstraintDirectionalInsetTarget.swift in Sources */,
				84C11BE92A907E2300EAF519 /* MTCollectionView.swift in Sources */,
				84C11BE02A907E2300EAF519 /* PHAssetConfig.swift in Sources */,
				84C11BEA2A907E2300EAF519 /* MTRoute.swift in Sources */,
				84C11BEC2A907E2300EAF519 /* MTTextLink.swift in Sources */,
				84C11BDC2A907E2300EAF519 /* ClosureSleeve.swift in Sources */,
				84C11C282A907E2300EAF519 /* ConstraintItem.swift in Sources */,
				84C11C0C2A907E2300EAF519 /* ConstraintMultiplierTarget.swift in Sources */,
				84C11C012A907E2300EAF519 /* LoadingLabel.swift in Sources */,
				84C11C242A907E2300EAF519 /* ConstraintMaker.swift in Sources */,
				84C11C1D2A907E2300EAF519 /* ConstraintView.swift in Sources */,
				84C11C032A907E2300EAF519 /* Log.swift in Sources */,
				84C11C2E2A907E2300EAF519 /* ConstraintDirectionalInsets.swift in Sources */,
				84C11BE62A907E2300EAF519 /* MTTextView.swift in Sources */,
				84C11C122A907E2300EAF519 /* ConstraintPriorityTarget.swift in Sources */,
				84C11BFA2A907E2300EAF519 /* MTNumber.swift in Sources */,
				84C11C152A907E2300EAF519 /* ConstraintDSL.swift in Sources */,
				84C11C182A907E2300EAF519 /* ConstraintInsetTarget.swift in Sources */,
				84C11BDD2A907E2300EAF519 /* MTTableView.swift in Sources */,
				84C11BE82A907E2300EAF519 /* MTColor.swift in Sources */,
				84C11BEB2A907E2300EAF519 /* Publishers.swift in Sources */,
				84C11C062A907E2300EAF519 /* MTObject.swift in Sources */,
				84C11BE52A907E2300EAF519 /* MTGradient.swift in Sources */,
				84C11C2C2A907E2300EAF519 /* LayoutConstraint.swift in Sources */,
				84C11BEF2A907E2300EAF519 /* MTView.swift in Sources */,
				84C11BEE2A907E2300EAF519 /* ImagePicker.swift in Sources */,
				84C11BDF2A907E2300EAF519 /* PHImage.swift in Sources */,
				84C11BFF2A907E2300EAF519 /* UISearchBar.swift in Sources */,
				84C11BF02A907E2300EAF519 /* MTArray.swift in Sources */,
				84C11C0F2A907E2300EAF519 /* ConstraintDescription.swift in Sources */,
				84C11C2F2A907E2300EAF519 /* ConstraintLayoutSupportDSL.swift in Sources */,
				84C11C022A907E2300EAF519 /* MTAPI.swift in Sources */,
				84C11C1E2A907E2300EAF519 /* ConstraintLayoutGuide.swift in Sources */,
				84C11C042A907E2300EAF519 /* MTString.swift in Sources */,
				84C11BFB2A907E2300EAF519 /* UIImageView.swift in Sources */,
				84C11C102A907E2300EAF519 /* ConstraintAttributes.swift in Sources */,
				84C11C272A907E2300EAF519 /* ConstraintView+Extensions.swift in Sources */,
				84C11C0B2A907E2300EAF519 /* Global.swift in Sources */,
				84C11BFD2A907E2300EAF519 /* LoadingAnimation.swift in Sources */,
				84C11C302A907E2300EAF519 /* ConstraintMakerRelatable.swift in Sources */,
				84C11BF42A907E2300EAF519 /* TTextField.swift in Sources */,
				84C11C142A907E2300EAF519 /* ConstraintMakerFinalizable.swift in Sources */,
				84C11BF32A907E2300EAF519 /* CryptoSwiftExt.swift in Sources */,
				84C11C082A907E2300EAF519 /* Thread.swift in Sources */,
				84C11BF22A907E2300EAF519 /* UILabel.swift in Sources */,
				84C11C092A907E2300EAF519 /* Queue.swift in Sources */,
				84C11BE72A907E2300EAF519 /* MTApplication.swift in Sources */,
			);
			runOnlyForDeploymentPostprocessing = 0;
		};
/* End PBXSourcesBuildPhase section */

/* Begin XCBuildConfiguration section */
		84C11B552A907D4F00EAF519 /* Debug */ = {
			isa = XCBuildConfiguration;
			buildSettings = {
				ALWAYS_SEARCH_USER_PATHS = NO;
				CLANG_ANALYZER_NONNULL = YES;
				CLANG_ANALYZER_NUMBER_OBJECT_CONVERSION = YES_AGGRESSIVE;
				CLANG_CXX_LANGUAGE_STANDARD = "gnu++20";
				CLANG_ENABLE_MODULES = YES;
				CLANG_ENABLE_OBJC_ARC = YES;
				CLANG_ENABLE_OBJC_WEAK = YES;
				CLANG_WARN_BLOCK_CAPTURE_AUTORELEASING = YES;
				CLANG_WARN_BOOL_CONVERSION = YES;
				CLANG_WARN_COMMA = YES;
				CLANG_WARN_CONSTANT_CONVERSION = YES;
				CLANG_WARN_DEPRECATED_OBJC_IMPLEMENTATIONS = YES;
				CLANG_WARN_DIRECT_OBJC_ISA_USAGE = YES_ERROR;
				CLANG_WARN_DOCUMENTATION_COMMENTS = YES;
				CLANG_WARN_EMPTY_BODY = YES;
				CLANG_WARN_ENUM_CONVERSION = YES;
				CLANG_WARN_INFINITE_RECURSION = YES;
				CLANG_WARN_INT_CONVERSION = YES;
				CLANG_WARN_NON_LITERAL_NULL_CONVERSION = YES;
				CLANG_WARN_OBJC_IMPLICIT_RETAIN_SELF = YES;
				CLANG_WARN_OBJC_LITERAL_CONVERSION = YES;
				CLANG_WARN_OBJC_ROOT_CLASS = YES_ERROR;
				CLANG_WARN_QUOTED_INCLUDE_IN_FRAMEWORK_HEADER = YES;
				CLANG_WARN_RANGE_LOOP_ANALYSIS = YES;
				CLANG_WARN_STRICT_PROTOTYPES = YES;
				CLANG_WARN_SUSPICIOUS_MOVE = YES;
				CLANG_WARN_UNGUARDED_AVAILABILITY = YES_AGGRESSIVE;
				CLANG_WARN_UNREACHABLE_CODE = YES;
				CLANG_WARN__DUPLICATE_METHOD_MATCH = YES;
				COPY_PHASE_STRIP = NO;
				CURRENT_PROJECT_VERSION = 1;
				DEBUG_INFORMATION_FORMAT = dwarf;
				ENABLE_STRICT_OBJC_MSGSEND = YES;
				ENABLE_TESTABILITY = YES;
				GCC_C_LANGUAGE_STANDARD = gnu11;
				GCC_DYNAMIC_NO_PIC = NO;
				GCC_NO_COMMON_BLOCKS = YES;
				GCC_OPTIMIZATION_LEVEL = 0;
				GCC_PREPROCESSOR_DEFINITIONS = (
					"DEBUG=1",
					"$(inherited)",
				);
				GCC_WARN_64_TO_32_BIT_CONVERSION = YES;
				GCC_WARN_ABOUT_RETURN_TYPE = YES_ERROR;
				GCC_WARN_UNDECLARED_SELECTOR = YES;
				GCC_WARN_UNINITIALIZED_AUTOS = YES_AGGRESSIVE;
				GCC_WARN_UNUSED_FUNCTION = YES;
				GCC_WARN_UNUSED_VARIABLE = YES;
				IPHONEOS_DEPLOYMENT_TARGET = 16.4;
				MTL_ENABLE_DEBUG_INFO = INCLUDE_SOURCE;
				MTL_FAST_MATH = YES;
				ONLY_ACTIVE_ARCH = YES;
				SDKROOT = iphoneos;
				SWIFT_ACTIVE_COMPILATION_CONDITIONS = DEBUG;
				SWIFT_OPTIMIZATION_LEVEL = "-Onone";
				VERSIONING_SYSTEM = "apple-generic";
				VERSION_INFO_PREFIX = "";
			};
			name = Debug;
		};
		84C11B562A907D4F00EAF519 /* Release */ = {
			isa = XCBuildConfiguration;
			buildSettings = {
				ALWAYS_SEARCH_USER_PATHS = NO;
				CLANG_ANALYZER_NONNULL = YES;
				CLANG_ANALYZER_NUMBER_OBJECT_CONVERSION = YES_AGGRESSIVE;
				CLANG_CXX_LANGUAGE_STANDARD = "gnu++20";
				CLANG_ENABLE_MODULES = YES;
				CLANG_ENABLE_OBJC_ARC = YES;
				CLANG_ENABLE_OBJC_WEAK = YES;
				CLANG_WARN_BLOCK_CAPTURE_AUTORELEASING = YES;
				CLANG_WARN_BOOL_CONVERSION = YES;
				CLANG_WARN_COMMA = YES;
				CLANG_WARN_CONSTANT_CONVERSION = YES;
				CLANG_WARN_DEPRECATED_OBJC_IMPLEMENTATIONS = YES;
				CLANG_WARN_DIRECT_OBJC_ISA_USAGE = YES_ERROR;
				CLANG_WARN_DOCUMENTATION_COMMENTS = YES;
				CLANG_WARN_EMPTY_BODY = YES;
				CLANG_WARN_ENUM_CONVERSION = YES;
				CLANG_WARN_INFINITE_RECURSION = YES;
				CLANG_WARN_INT_CONVERSION = YES;
				CLANG_WARN_NON_LITERAL_NULL_CONVERSION = YES;
				CLANG_WARN_OBJC_IMPLICIT_RETAIN_SELF = YES;
				CLANG_WARN_OBJC_LITERAL_CONVERSION = YES;
				CLANG_WARN_OBJC_ROOT_CLASS = YES_ERROR;
				CLANG_WARN_QUOTED_INCLUDE_IN_FRAMEWORK_HEADER = YES;
				CLANG_WARN_RANGE_LOOP_ANALYSIS = YES;
				CLANG_WARN_STRICT_PROTOTYPES = YES;
				CLANG_WARN_SUSPICIOUS_MOVE = YES;
				CLANG_WARN_UNGUARDED_AVAILABILITY = YES_AGGRESSIVE;
				CLANG_WARN_UNREACHABLE_CODE = YES;
				CLANG_WARN__DUPLICATE_METHOD_MATCH = YES;
				COPY_PHASE_STRIP = NO;
				CURRENT_PROJECT_VERSION = 1;
				DEBUG_INFORMATION_FORMAT = "dwarf-with-dsym";
				ENABLE_NS_ASSERTIONS = NO;
				ENABLE_STRICT_OBJC_MSGSEND = YES;
				GCC_C_LANGUAGE_STANDARD = gnu11;
				GCC_NO_COMMON_BLOCKS = YES;
				GCC_WARN_64_TO_32_BIT_CONVERSION = YES;
				GCC_WARN_ABOUT_RETURN_TYPE = YES_ERROR;
				GCC_WARN_UNDECLARED_SELECTOR = YES;
				GCC_WARN_UNINITIALIZED_AUTOS = YES_AGGRESSIVE;
				GCC_WARN_UNUSED_FUNCTION = YES;
				GCC_WARN_UNUSED_VARIABLE = YES;
				IPHONEOS_DEPLOYMENT_TARGET = 16.4;
				MTL_ENABLE_DEBUG_INFO = NO;
				MTL_FAST_MATH = YES;
				SDKROOT = iphoneos;
				SWIFT_COMPILATION_MODE = wholemodule;
				SWIFT_OPTIMIZATION_LEVEL = "-O";
				VALIDATE_PRODUCT = YES;
				VERSIONING_SYSTEM = "apple-generic";
				VERSION_INFO_PREFIX = "";
			};
			name = Release;
		};
		84C11B582A907D4F00EAF519 /* Debug */ = {
			isa = XCBuildConfiguration;
			buildSettings = {
				CODE_SIGN_STYLE = Automatic;
				CURRENT_PROJECT_VERSION = 1;
				DEFINES_MODULE = YES;
				DEVELOPMENT_TEAM = N4PUG34AC8;
				DYLIB_COMPATIBILITY_VERSION = 1;
				DYLIB_CURRENT_VERSION = 1;
				DYLIB_INSTALL_NAME_BASE = "@rpath";
				ENABLE_MODULE_VERIFIER = YES;
				GENERATE_INFOPLIST_FILE = YES;
				INFOPLIST_FILE = MiTu/Info.plist;
				INFOPLIST_KEY_NSHumanReadableCopyright = "";
				INSTALL_PATH = "$(LOCAL_LIBRARY_DIR)/Frameworks";
				IPHONEOS_DEPLOYMENT_TARGET = 13.0;
				LD_RUNPATH_SEARCH_PATHS = (
					"$(inherited)",
					"@executable_path/Frameworks",
					"@loader_path/Frameworks",
				);
				MARKETING_VERSION = 1.0;
				MODULE_VERIFIER_SUPPORTED_LANGUAGES = "objective-c objective-c++";
				MODULE_VERIFIER_SUPPORTED_LANGUAGE_STANDARDS = "gnu11 gnu++20";
				PRODUCT_BUNDLE_IDENTIFIER = com.mitu.sdk;
				PRODUCT_NAME = "$(TARGET_NAME:c99extidentifier)";
				SKIP_INSTALL = YES;
				SWIFT_EMIT_LOC_STRINGS = YES;
				SWIFT_VERSION = 5.0;
				TARGETED_DEVICE_FAMILY = "1,2";
			};
			name = Debug;
		};
		84C11B592A907D4F00EAF519 /* Release */ = {
			isa = XCBuildConfiguration;
			buildSettings = {
				CODE_SIGN_STYLE = Automatic;
				CURRENT_PROJECT_VERSION = 1;
				DEFINES_MODULE = YES;
				DEVELOPMENT_TEAM = N4PUG34AC8;
				DYLIB_COMPATIBILITY_VERSION = 1;
				DYLIB_CURRENT_VERSION = 1;
				DYLIB_INSTALL_NAME_BASE = "@rpath";
				ENABLE_MODULE_VERIFIER = YES;
				GENERATE_INFOPLIST_FILE = YES;
				INFOPLIST_FILE = MiTu/Info.plist;
				INFOPLIST_KEY_NSHumanReadableCopyright = "";
				INSTALL_PATH = "$(LOCAL_LIBRARY_DIR)/Frameworks";
				IPHONEOS_DEPLOYMENT_TARGET = 13.0;
				LD_RUNPATH_SEARCH_PATHS = (
					"$(inherited)",
					"@executable_path/Frameworks",
					"@loader_path/Frameworks",
				);
				MARKETING_VERSION = 1.0;
				MODULE_VERIFIER_SUPPORTED_LANGUAGES = "objective-c objective-c++";
				MODULE_VERIFIER_SUPPORTED_LANGUAGE_STANDARDS = "gnu11 gnu++20";
				PRODUCT_BUNDLE_IDENTIFIER = com.mitu.sdk;
				PRODUCT_NAME = "$(TARGET_NAME:c99extidentifier)";
				SKIP_INSTALL = YES;
				SWIFT_EMIT_LOC_STRINGS = YES;
				SWIFT_VERSION = 5.0;
				TARGETED_DEVICE_FAMILY = "1,2";
			};
			name = Release;
		};
/* End XCBuildConfiguration section */

/* Begin XCConfigurationList section */
		84C11B4A2A907D4F00EAF519 /* Build configuration list for PBXProject "MiTu" */ = {
			isa = XCConfigurationList;
			buildConfigurations = (
				84C11B552A907D4F00EAF519 /* Debug */,
				84C11B562A907D4F00EAF519 /* Release */,
			);
			defaultConfigurationIsVisible = 0;
			defaultConfigurationName = Release;
		};
		84C11B572A907D4F00EAF519 /* Build configuration list for PBXNativeTarget "MiTu" */ = {
			isa = XCConfigurationList;
			buildConfigurations = (
				84C11B582A907D4F00EAF519 /* Debug */,
				84C11B592A907D4F00EAF519 /* Release */,
			);
			defaultConfigurationIsVisible = 0;
			defaultConfigurationName = Release;
		};
/* End XCConfigurationList section */
	};
	rootObject = 84C11B472A907D4F00EAF519 /* Project object */;
}
